# Lockfile v4
# This file is automatically generated by Wapm.
# It is not intended for manual editing. The schema of this file may change.
[modules."syrusakbary/coreutils"."0.0.1".uutils]
name = "uutils"
package_version = "0.0.1"
package_name = "syrusakbary/coreutils"
package_path = "syrusakbary/coreutils@0.0.1"
resolved = "https://registry-cdn.wapm.io/packages/_/coreutils/coreutils-0.0.1.tar.gz"
resolved_source = "registry+uutils"
abi = "wasi"
source = "target/wasm32-wasi/release/uutils.wasm"
[commands.base32]
name = "base32"
package_name = "syrusakbary/coreutils"
package_version = "0.0.1"
module = "uutils"
is_top_level_dependency = true

[commands.base64]
name = "base64"
package_name = "syrusakbary/coreutils"
package_version = "0.0.1"
module = "uutils"
is_top_level_dependency = true

[commands.basename]
name = "basename"
package_name = "syrusakbary/coreutils"
package_version = "0.0.1"
module = "uutils"
is_top_level_dependency = true

[commands.cat]
name = "cat"
package_name = "syrusakbary/coreutils"
package_version = "0.0.1"
module = "uutils"
is_top_level_dependency = true

[commands.dirname]
name = "dirname"
package_name = "syrusakbary/coreutils"
package_version = "0.0.1"
module = "uutils"
is_top_level_dependency = true

[commands.echo]
name = "echo"
package_name = "syrusakbary/coreutils"
package_version = "0.0.1"
module = "uutils"
is_top_level_dependency = true

[commands.env]
name = "env"
package_name = "syrusakbary/coreutils"
package_version = "0.0.1"
module = "uutils"
is_top_level_dependency = true

[commands.ls]
name = "ls"
package_name = "syrusakbary/coreutils"
package_version = "0.0.1"
module = "uutils"
is_top_level_dependency = true

[commands.mkdir]
name = "mkdir"
package_name = "syrusakbary/coreutils"
package_version = "0.0.1"
module = "uutils"
is_top_level_dependency = true

[commands.mv]
name = "mv"
package_name = "syrusakbary/coreutils"
package_version = "0.0.1"
module = "uutils"
is_top_level_dependency = true

[commands.printf]
name = "printf"
package_name = "syrusakbary/coreutils"
package_version = "0.0.1"
module = "uutils"
is_top_level_dependency = true

[commands.pwd]
name = "pwd"
package_name = "syrusakbary/coreutils"
package_version = "0.0.1"
module = "uutils"
is_top_level_dependency = true

[commands.sum]
name = "sum"
package_name = "syrusakbary/coreutils"
package_version = "0.0.1"
module = "uutils"
is_top_level_dependency = true

[commands.wc]
name = "wc"
package_name = "syrusakbary/coreutils"
package_version = "0.0.1"
module = "uutils"
is_top_level_dependency = true
